
Microsoft Visual Studio Solution File, Format Version 12.00
# Visual Studio 15
VisualStudioVersion = 15.0.27703.2035
MinimumVisualStudioVersion = 10.0.40219.1
Project("{FAE04EC0-301F-11D3-BF4B-00C04F79EFBC}") = "Comm", "Comm\Comm.csproj", "{46B5B8A3-7B87-492B-8EAC-79C3BD98F51A}"
EndProject
Project("{FAE04EC0-301F-11D3-BF4B-00C04F79EFBC}") = "ConsoleComm", "ConsoleComm\ConsoleComm.csproj", "{DF2759C3-D7AF-4C97-B116-97E4E6C79735}"
EndProject
Global
	GlobalSection(SolutionConfigurationPlatforms) = preSolution
		Debug|Any CPU = Debug|Any CPU
		Release|Any CPU = Release|Any CPU
	EndGlobalSection
	GlobalSection(ProjectConfigurationPlatforms) = postSolution
		{46B5B8A3-7B87-492B-8EAC-79C3BD98F51A}.Debug|Any CPU.ActiveCfg = Debug|Any CPU
		{46B5B8A3-7B87-492B-8EAC-79C3BD98F51A}.Debug|Any CPU.Build.0 = Debug|Any CPU
		{46B5B8A3-7B87-492B-8EAC-79C3BD98F51A}.Release|Any CPU.ActiveCfg = Release|Any CPU
		{46B5B8A3-7B87-492B-8EAC-79C3BD98F51A}.Release|Any CPU.Build.0 = Release|Any CPU
		{DF2759C3-D7AF-4C97-B116-97E4E6C79735}.Debug|Any CPU.ActiveCfg = Debug|Any CPU
		{DF2759C3-D7AF-4C97-B116-97E4E6C79735}.Debug|Any CPU.Build.0 = Debug|Any CPU
		{DF2759C3-D7AF-4C97-B116-97E4E6C79735}.Release|Any CPU.ActiveCfg = Release|Any CPU
		{DF2759C3-D7AF-4C97-B116-97E4E6C79735}.Release|Any CPU.Build.0 = Release|Any CPU
	EndGlobalSection
	GlobalSection(SolutionProperties) = preSolution
		HideSolutionNode = FALSE
	EndGlobalSection
	GlobalSection(ExtensibilityGlobals) = postSolution
		SolutionGuid = {4CBE3EC9-2AA8-49C5-86C8-AF0C2264D175}
	EndGlobalSection
EndGlobal
